
Microsoft Visual Studio Solution File, Format Version 12.00
# Visual Studio Version 16
VisualStudioVersion = 16.0.29519.181
MinimumVisualStudioVersion = 10.0.40219.1
Project("{9A19103F-16F7-4668-BE54-9A1E7A4F7556}") = "Making.Cents", "Making.Cents\Making.Cents.csproj", "{E4571149-1083-4B90-8989-01586D01973E}"
EndProject
Project("{2150E333-8FDC-42A3-9474-1A3956D46DE8}") = "Solution Items", "Solution Items", "{8E283A96-466B-4030-A58A-5D6E722D253B}"
	ProjectSection(SolutionItems) = preProject
		.editorconfig = .editorconfig
	EndProjectSection
EndProject
Project("{9A19103F-16F7-4668-BE54-9A1E7A4F7556}") = "Making.Cents.Data", "Making.Cents.Data\Making.Cents.Data.csproj", "{05ADAE6E-B7D0-4E7B-B588-2CEBC73DD7B3}"
EndProject
Project("{2150E333-8FDC-42A3-9474-1A3956D46DE8}") = "1. Support", "1. Support", "{8C700F9B-B44B-4770-86D6-EDCAFBDE3E9F}"
EndProject
Project("{2150E333-8FDC-42A3-9474-1A3956D46DE8}") = "4. Application", "4. Application", "{7B20EE46-F0E8-4D70-BF77-5D81D11F3172}"
EndProject
Project("{9A19103F-16F7-4668-BE54-9A1E7A4F7556}") = "Making.Cents.Common", "Making.Cents.Common\Making.Cents.Common.csproj", "{E454522E-AE32-4314-B29C-C5882CF0E4AD}"
EndProject
Project("{2150E333-8FDC-42A3-9474-1A3956D46DE8}") = "2. Data", "2. Data", "{47031ED6-EE33-4CD8-A7A0-C363EB4293C6}"
EndProject
Project("{2150E333-8FDC-42A3-9474-1A3956D46DE8}") = "3. Modules", "3. Modules", "{BB9F7435-5AF8-40F6-A286-D054C2A8B983}"
EndProject
Project("{9A19103F-16F7-4668-BE54-9A1E7A4F7556}") = "Making.Cents.AccountsModule", "Making.Cents.AccountsModule\Making.Cents.AccountsModule.csproj", "{DEC9ED0C-12B7-4B5A-9BCD-1A096CF0E5CB}"
EndProject
Project("{9A19103F-16F7-4668-BE54-9A1E7A4F7556}") = "Making.Cents.Qif", "Making.Cents.Qif\Making.Cents.Qif.csproj", "{6DE8E5DB-4237-4F31-B5DA-1C6E47D95203}"
EndProject
Project("{9A19103F-16F7-4668-BE54-9A1E7A4F7556}") = "Making.Cents.PlaidModule", "Making.Cents.PlaidModule\Making.Cents.PlaidModule.csproj", "{B9D13573-BC87-45FE-B61C-BFECA6A8B067}"
EndProject
Project("{FAE04EC0-301F-11D3-BF4B-00C04F79EFBC}") = "Making.Cents.Wpf.Common", "Making.Cents.Wpf.Common\Making.Cents.Wpf.Common.csproj", "{48CFC3E9-FC11-493B-ABCD-1604DFF75D56}"
EndProject
Global
	GlobalSection(SolutionConfigurationPlatforms) = preSolution
		Debug|Any CPU = Debug|Any CPU
		Release|Any CPU = Release|Any CPU
	EndGlobalSection
	GlobalSection(ProjectConfigurationPlatforms) = postSolution
		{E4571149-1083-4B90-8989-01586D01973E}.Debug|Any CPU.ActiveCfg = Debug|Any CPU
		{E4571149-1083-4B90-8989-01586D01973E}.Debug|Any CPU.Build.0 = Debug|Any CPU
		{E4571149-1083-4B90-8989-01586D01973E}.Release|Any CPU.ActiveCfg = Release|Any CPU
		{E4571149-1083-4B90-8989-01586D01973E}.Release|Any CPU.Build.0 = Release|Any CPU
		{05ADAE6E-B7D0-4E7B-B588-2CEBC73DD7B3}.Debug|Any CPU.ActiveCfg = Debug|Any CPU
		{05ADAE6E-B7D0-4E7B-B588-2CEBC73DD7B3}.Debug|Any CPU.Build.0 = Debug|Any CPU
		{05ADAE6E-B7D0-4E7B-B588-2CEBC73DD7B3}.Release|Any CPU.ActiveCfg = Release|Any CPU
		{05ADAE6E-B7D0-4E7B-B588-2CEBC73DD7B3}.Release|Any CPU.Build.0 = Release|Any CPU
		{E454522E-AE32-4314-B29C-C5882CF0E4AD}.Debug|Any CPU.ActiveCfg = Debug|Any CPU
		{E454522E-AE32-4314-B29C-C5882CF0E4AD}.Debug|Any CPU.Build.0 = Debug|Any CPU
		{E454522E-AE32-4314-B29C-C5882CF0E4AD}.Release|Any CPU.ActiveCfg = Release|Any CPU
		{E454522E-AE32-4314-B29C-C5882CF0E4AD}.Release|Any CPU.Build.0 = Release|Any CPU
		{DEC9ED0C-12B7-4B5A-9BCD-1A096CF0E5CB}.Debug|Any CPU.ActiveCfg = Debug|Any CPU
		{DEC9ED0C-12B7-4B5A-9BCD-1A096CF0E5CB}.Debug|Any CPU.Build.0 = Debug|Any CPU
		{DEC9ED0C-12B7-4B5A-9BCD-1A096CF0E5CB}.Release|Any CPU.ActiveCfg = Release|Any CPU
		{DEC9ED0C-12B7-4B5A-9BCD-1A096CF0E5CB}.Release|Any CPU.Build.0 = Release|Any CPU
		{6DE8E5DB-4237-4F31-B5DA-1C6E47D95203}.Debug|Any CPU.ActiveCfg = Debug|Any CPU
		{6DE8E5DB-4237-4F31-B5DA-1C6E47D95203}.Debug|Any CPU.Build.0 = Debug|Any CPU
		{6DE8E5DB-4237-4F31-B5DA-1C6E47D95203}.Release|Any CPU.ActiveCfg = Release|Any CPU
		{6DE8E5DB-4237-4F31-B5DA-1C6E47D95203}.Release|Any CPU.Build.0 = Release|Any CPU
		{B9D13573-BC87-45FE-B61C-BFECA6A8B067}.Debug|Any CPU.ActiveCfg = Debug|Any CPU
		{B9D13573-BC87-45FE-B61C-BFECA6A8B067}.Debug|Any CPU.Build.0 = Debug|Any CPU
		{B9D13573-BC87-45FE-B61C-BFECA6A8B067}.Release|Any CPU.ActiveCfg = Release|Any CPU
		{B9D13573-BC87-45FE-B61C-BFECA6A8B067}.Release|Any CPU.Build.0 = Release|Any CPU
		{48CFC3E9-FC11-493B-ABCD-1604DFF75D56}.Debug|Any CPU.ActiveCfg = Debug|Any CPU
		{48CFC3E9-FC11-493B-ABCD-1604DFF75D56}.Debug|Any CPU.Build.0 = Debug|Any CPU
		{48CFC3E9-FC11-493B-ABCD-1604DFF75D56}.Release|Any CPU.ActiveCfg = Release|Any CPU
		{48CFC3E9-FC11-493B-ABCD-1604DFF75D56}.Release|Any CPU.Build.0 = Release|Any CPU
	EndGlobalSection
	GlobalSection(SolutionProperties) = preSolution
		HideSolutionNode = FALSE
	EndGlobalSection
	GlobalSection(NestedProjects) = preSolution
		{E4571149-1083-4B90-8989-01586D01973E} = {7B20EE46-F0E8-4D70-BF77-5D81D11F3172}
		{05ADAE6E-B7D0-4E7B-B588-2CEBC73DD7B3} = {47031ED6-EE33-4CD8-A7A0-C363EB4293C6}
		{E454522E-AE32-4314-B29C-C5882CF0E4AD} = {8C700F9B-B44B-4770-86D6-EDCAFBDE3E9F}
		{DEC9ED0C-12B7-4B5A-9BCD-1A096CF0E5CB} = {BB9F7435-5AF8-40F6-A286-D054C2A8B983}
		{6DE8E5DB-4237-4F31-B5DA-1C6E47D95203} = {47031ED6-EE33-4CD8-A7A0-C363EB4293C6}
		{B9D13573-BC87-45FE-B61C-BFECA6A8B067} = {BB9F7435-5AF8-40F6-A286-D054C2A8B983}
		{48CFC3E9-FC11-493B-ABCD-1604DFF75D56} = {8C700F9B-B44B-4770-86D6-EDCAFBDE3E9F}
	EndGlobalSection
	GlobalSection(ExtensibilityGlobals) = postSolution
		SolutionGuid = {AF226EA6-91AB-48EB-BB02-3D3437AB959A}
	EndGlobalSection
EndGlobal
